
Microsoft Visual Studio Solution File, Format Version 12.00
# Visual Studio 15
VisualStudioVersion = 15.0.26430.16
MinimumVisualStudioVersion = 10.0.40219.1
Project("{FAE04EC0-301F-11D3-BF4B-00C04F79EFBC}") = "FileExplorer", "fileExplorer\FileExplorer.csproj", "{1289F6E8-6938-49C8-A6FB-E8B867D02C34}"
EndProject
Global
	GlobalSection(SolutionConfigurationPlatforms) = preSolution
		Debug|Any CPU = Debug|Any CPU
		Release|Any CPU = Release|Any CPU
	EndGlobalSection
	GlobalSection(ProjectConfigurationPlatforms) = postSolution
		{1289F6E8-6938-49C8-A6FB-E8B867D02C34}.Debug|Any CPU.ActiveCfg = Debug|Any CPU
		{1289F6E8-6938-49C8-A6FB-E8B867D02C34}.Debug|Any CPU.Build.0 = Debug|Any CPU
		{1289F6E8-6938-49C8-A6FB-E8B867D02C34}.Release|Any CPU.ActiveCfg = Release|Any CPU
		{1289F6E8-6938-49C8-A6FB-E8B867D02C34}.Release|Any CPU.Build.0 = Release|Any CPU
	EndGlobalSection
	GlobalSection(SolutionProperties) = preSolution
		HideSolutionNode = FALSE
	EndGlobalSection
	GlobalSection(ExtensibilityGlobals) = postSolution
		SolutionGuid = {3707FB51-40BC-4FEA-8E7E-1B0AD206333A}
	EndGlobalSection
EndGlobal
